{
  "requires": true,
  "lockfileVersion": 1,
  "dependencies": {
    "rambda": {
      "version": "5.1.1",
      "resolved": "https://registry.npmjs.org/rambda/-/rambda-5.1.1.tgz",
      "integrity": "sha512-E2jeCwKxpJq4MgcL645yeeO9RkBRDn+jgvek9rUjX78CwB85XBlb6ETSIqiEwjp4KZ+JvxCqCHZGY/8jlg8doQ=="
    }
  }
}
